
Microsoft Visual Studio Solution File, Format Version 12.00
# Visual Studio Version 17
VisualStudioVersion = 17.7.34221.43
MinimumVisualStudioVersion = 10.0.40219.1
Project("{9A19103F-16F7-4668-BE54-9A1E7A4F7556}") = "OfficialTeamUpClient", "OfficialTeamUpClient\OfficialTeamUpClient.csproj", "{371A5BF1-A3E7-424E-86A5-6F8D4F7E96F0}"
EndProject
Project("{2150E333-8FDC-42A3-9474-1A3956D46DE8}") = "Solution Items", "Solution Items", "{B1147809-8D6B-4732-A180-C33A9C725332}"
	ProjectSection(SolutionItems) = preProject
		.gitignore = .gitignore
	EndProjectSection
EndProject
Global
	GlobalSection(SolutionConfigurationPlatforms) = preSolution
		Debug|Any CPU = Debug|Any CPU
		Release|Any CPU = Release|Any CPU
	EndGlobalSection
	GlobalSection(ProjectConfigurationPlatforms) = postSolution
		{371A5BF1-A3E7-424E-86A5-6F8D4F7E96F0}.Debug|Any CPU.ActiveCfg = Debug|Any CPU
		{371A5BF1-A3E7-424E-86A5-6F8D4F7E96F0}.Debug|Any CPU.Build.0 = Debug|Any CPU
		{371A5BF1-A3E7-424E-86A5-6F8D4F7E96F0}.Release|Any CPU.ActiveCfg = Release|Any CPU
		{371A5BF1-A3E7-424E-86A5-6F8D4F7E96F0}.Release|Any CPU.Build.0 = Release|Any CPU
	EndGlobalSection
	GlobalSection(SolutionProperties) = preSolution
		HideSolutionNode = FALSE
	EndGlobalSection
	GlobalSection(ExtensibilityGlobals) = postSolution
		SolutionGuid = {0C97229C-207F-4260-8C43-ED6469A53949}
	EndGlobalSection
EndGlobal
